PODS:
  - CLHComponents (1.0.0):
    - CLHComponents/LineationLabel (= 1.0.0)
    - CLHComponents/LinkTextView (= 1.0.0)
    - CLHComponents/LMReport (= 1.0.0)
    - CLHComponents/NavigationTitleView (= 1.0.0)
    - CLHComponents/ScrollOptionsMenu (= 1.0.0)
    - CLHComponents/SearchView (= 1.0.0)
    - CLHComponents/ShadeRoundLoop (= 1.0.0)
    - CLHComponents/ShadowView (= 1.0.0)
    - CLHComponents/WaterMarkView (= 1.0.0)
  - CLHComponents/LineationLabel (1.0.0)
  - CLHComponents/LinkTextView (1.0.0)
  - CLHComponents/LMReport (1.0.0):
    - Masonry
  - CLHComponents/NavigationTitleView (1.0.0)
  - CLHComponents/ScrollOptionsMenu (1.0.0)
  - CLHComponents/SearchView (1.0.0)
  - CLHComponents/ShadeRoundLoop (1.0.0)
  - CLHComponents/ShadowView (1.0.0)
  - CLHComponents/WaterMarkView (1.0.0)
  - Masonry (1.1.0)

DEPENDENCIES:
  - CLHComponents (from `../`)

SPEC REPOS:
  trunk:
    - Masonry

EXTERNAL SOURCES:
  CLHComponents:
    :path: "../"

SPEC CHECKSUMS:
  CLHComponents: 1a2049dd6e5b440994b1c468278e5bbc27dcca2b
  Masonry: 678fab65091a9290e40e2832a55e7ab731aad201

PODFILE CHECKSUM: f93c6c78e6bf817d0cadc29c0e8dc3b52e25becc

COCOAPODS: 1.9.3
